
Microsoft Visual Studio Solution File, Format Version 12.00
# Visual Studio Version 17
VisualStudioVersion = 17.4.33403.182
MinimumVisualStudioVersion = 10.0.40219.1
Project("{2150E333-8FDC-42A3-9474-1A3956D46DE8}") = "Pipelines", "Pipelines", "{A7263978-CC98-47AE-B2DF-163A39AABCCC}"
	ProjectSection(SolutionItems) = preProject
		azure-pipelines.yml = azure-pipelines.yml
		github-actions.yml = github-actions.yml
	EndProjectSection
EndProject
Project("{9A19103F-16F7-4668-BE54-9A1E7A4F7556}") = "ReqRes.Specs", "ReqRes.Specs\ReqRes.Specs.csproj", "{A92AA6ED-E997-4D38-B5BD-46D94624FAA1}"
EndProject
Global
	GlobalSection(SolutionConfigurationPlatforms) = preSolution
		Debug|Any CPU = Debug|Any CPU
		Release|Any CPU = Release|Any CPU
	EndGlobalSection
	GlobalSection(ProjectConfigurationPlatforms) = postSolution
		{A92AA6ED-E997-4D38-B5BD-46D94624FAA1}.Debug|Any CPU.ActiveCfg = Debug|Any CPU
		{A92AA6ED-E997-4D38-B5BD-46D94624FAA1}.Debug|Any CPU.Build.0 = Debug|Any CPU
		{A92AA6ED-E997-4D38-B5BD-46D94624FAA1}.Release|Any CPU.ActiveCfg = Release|Any CPU
		{A92AA6ED-E997-4D38-B5BD-46D94624FAA1}.Release|Any CPU.Build.0 = Release|Any CPU
	EndGlobalSection
	GlobalSection(SolutionProperties) = preSolution
		HideSolutionNode = FALSE
	EndGlobalSection
	GlobalSection(ExtensibilityGlobals) = postSolution
		SolutionGuid = {F47DC9F0-34CA-4EFC-A5DB-5251680916BC}
	EndGlobalSection
EndGlobal
